
Microsoft Visual Studio Solution File, Format Version 12.00
# Visual Studio 2013
VisualStudioVersion = 12.0.31101.0
MinimumVisualStudioVersion = 10.0.40219.1
Project("{FAE04EC0-301F-11D3-BF4B-00C04F79EFBC}") = "Trie", "Trie\Trie.csproj", "{C0A53B27-330D-4684-9CEB-676184A66AEB}"
EndProject
Project("{FAE04EC0-301F-11D3-BF4B-00C04F79EFBC}") = "TrieTest", "TrieTest\TrieTest.csproj", "{6F5B6C94-B6F5-41F9-83F6-21083DB635B1}"
EndProject
Global
	GlobalSection(SolutionConfigurationPlatforms) = preSolution
		Debug|Any CPU = Debug|Any CPU
		Release|Any CPU = Release|Any CPU
	EndGlobalSection
	GlobalSection(ProjectConfigurationPlatforms) = postSolution
		{C0A53B27-330D-4684-9CEB-676184A66AEB}.Debug|Any CPU.ActiveCfg = Debug|Any CPU
		{C0A53B27-330D-4684-9CEB-676184A66AEB}.Debug|Any CPU.Build.0 = Debug|Any CPU
		{C0A53B27-330D-4684-9CEB-676184A66AEB}.Release|Any CPU.ActiveCfg = Release|Any CPU
		{C0A53B27-330D-4684-9CEB-676184A66AEB}.Release|Any CPU.Build.0 = Release|Any CPU
		{6F5B6C94-B6F5-41F9-83F6-21083DB635B1}.Debug|Any CPU.ActiveCfg = Debug|Any CPU
		{6F5B6C94-B6F5-41F9-83F6-21083DB635B1}.Debug|Any CPU.Build.0 = Debug|Any CPU
		{6F5B6C94-B6F5-41F9-83F6-21083DB635B1}.Release|Any CPU.ActiveCfg = Release|Any CPU
		{6F5B6C94-B6F5-41F9-83F6-21083DB635B1}.Release|Any CPU.Build.0 = Release|Any CPU
	EndGlobalSection
	GlobalSection(SolutionProperties) = preSolution
		HideSolutionNode = FALSE
	EndGlobalSection
EndGlobal
