
Microsoft Visual Studio Solution File, Format Version 12.00
# Visual Studio 2013
VisualStudioVersion = 12.0.31101.0
MinimumVisualStudioVersion = 10.0.40219.1
Project("{FAE04EC0-301F-11D3-BF4B-00C04F79EFBC}") = "ATM", "ATM\ATM.csproj", "{64CE44A6-7DD3-48AF-8118-3A9318011BF5}"
EndProject
Project("{FAE04EC0-301F-11D3-BF4B-00C04F79EFBC}") = "ATMTest", "ATMTest\ATMTest.csproj", "{806D16FC-4223-42C5-8916-690A7C6899DE}"
EndProject
Global
	GlobalSection(SolutionConfigurationPlatforms) = preSolution
		Debug|Any CPU = Debug|Any CPU
		Release|Any CPU = Release|Any CPU
	EndGlobalSection
	GlobalSection(ProjectConfigurationPlatforms) = postSolution
		{64CE44A6-7DD3-48AF-8118-3A9318011BF5}.Debug|Any CPU.ActiveCfg = Debug|Any CPU
		{64CE44A6-7DD3-48AF-8118-3A9318011BF5}.Debug|Any CPU.Build.0 = Debug|Any CPU
		{64CE44A6-7DD3-48AF-8118-3A9318011BF5}.Release|Any CPU.ActiveCfg = Release|Any CPU
		{64CE44A6-7DD3-48AF-8118-3A9318011BF5}.Release|Any CPU.Build.0 = Release|Any CPU
		{806D16FC-4223-42C5-8916-690A7C6899DE}.Debug|Any CPU.ActiveCfg = Debug|Any CPU
		{806D16FC-4223-42C5-8916-690A7C6899DE}.Debug|Any CPU.Build.0 = Debug|Any CPU
		{806D16FC-4223-42C5-8916-690A7C6899DE}.Release|Any CPU.ActiveCfg = Release|Any CPU
		{806D16FC-4223-42C5-8916-690A7C6899DE}.Release|Any CPU.Build.0 = Release|Any CPU
	EndGlobalSection
	GlobalSection(SolutionProperties) = preSolution
		HideSolutionNode = FALSE
	EndGlobalSection
EndGlobal
